
Microsoft Visual Studio Solution File, Format Version 12.00
# Visual Studio 15
VisualStudioVersion = 15.0.28307.271
MinimumVisualStudioVersion = 10.0.40219.1
Project("{FAE04EC0-301F-11D3-BF4B-00C04F79EFBC}") = "QiitaTrendReader", "QiitaTrendReader\QiitaTrendReader.csproj", "{6554B696-B673-4571-9D27-D2778C89E077}"
EndProject
Global
	GlobalSection(SolutionConfigurationPlatforms) = preSolution
		Debug|Any CPU = Debug|Any CPU
		Release|Any CPU = Release|Any CPU
	EndGlobalSection
	GlobalSection(ProjectConfigurationPlatforms) = postSolution
		{6554B696-B673-4571-9D27-D2778C89E077}.Debug|Any CPU.ActiveCfg = Debug|Any CPU
		{6554B696-B673-4571-9D27-D2778C89E077}.Debug|Any CPU.Build.0 = Debug|Any CPU
		{6554B696-B673-4571-9D27-D2778C89E077}.Release|Any CPU.ActiveCfg = Release|Any CPU
		{6554B696-B673-4571-9D27-D2778C89E077}.Release|Any CPU.Build.0 = Release|Any CPU
	EndGlobalSection
	GlobalSection(SolutionProperties) = preSolution
		HideSolutionNode = FALSE
	EndGlobalSection
	GlobalSection(ExtensibilityGlobals) = postSolution
		SolutionGuid = {F995997F-012C-4F34-9E7D-D354638F7891}
	EndGlobalSection
EndGlobal
